uuid: 1e3eecf3-d526-451c-9646-3322c7359cf1
langcode: en
status: true
dependencies:
  module:
    - system
  theme:
    - beargoyles
id: beargoyles_donatepaypalblock
theme: beargoyles
region: sidebar_second
weight: -13
provider: null
plugin: 'block_content:ee588b6a-c8dc-476e-be3a-e8c1e075f46d'
settings:
  id: 'block_content:ee588b6a-c8dc-476e-be3a-e8c1e075f46d'
  label: 'Donate paypal block'
  label_display: '0'
  provider: block_content
  status: true
  info: ''
  view_mode: default
visibility:
  request_path:
    id: request_path
    negate: false
    pages: /donate
